Microsoft Visual Studio Solution File, Format Version 12.00
# Visual Studio Version 17
VisualStudioVersion = 17.5.2.0
MinimumVisualStudioVersion = 10.0.40219.1
Project("{FAE04EC0-301F-11D3-BF4B-00C04F79EFBC}") = "tg-music-mvc", "tg-music-mvc.csproj", "{07CEDBEC-F166-A6A5-765D-CDE266ADA992}"
EndProject
Global
	GlobalSection(SolutionConfigurationPlatforms) = preSolution
		Debug|Any CPU = Debug|Any CPU
		Release|Any CPU = Release|Any CPU
	EndGlobalSection
	GlobalSection(ProjectConfigurationPlatforms) = postSolution
		{07CEDBEC-F166-A6A5-765D-CDE266ADA992}.Debug|Any CPU.ActiveCfg = Debug|Any CPU
		{07CEDBEC-F166-A6A5-765D-CDE266ADA992}.Debug|Any CPU.Build.0 = Debug|Any CPU
		{07CEDBEC-F166-A6A5-765D-CDE266ADA992}.Release|Any CPU.ActiveCfg = Release|Any CPU
		{07CEDBEC-F166-A6A5-765D-CDE266ADA992}.Release|Any CPU.Build.0 = Release|Any CPU
	EndGlobalSection
	GlobalSection(SolutionProperties) = preSolution
		HideSolutionNode = FALSE
	EndGlobalSection
	GlobalSection(ExtensibilityGlobals) = postSolution
		SolutionGuid = {7D342A5B-4D27-48D4-B16D-696DC53B8604}
	EndGlobalSection
EndGlobal
